{
  "name": "make-tests",
  "lockfileVersion": 3,
  "requires": true,
  "packages": {
    "": {
      "dependencies": {
        "@adraffy/keccak": "^1.3.1",
        "@adraffy/punycode": "^1.2.0"
      }
    },
    "node_modules/@adraffy/keccak": {
      "version": "1.3.1",
      "resolved": "https://registry.npmjs.org/@adraffy/keccak/-/keccak-1.3.1.tgz",
      "integrity": "sha512-7Q60qPVH6Nh5atefmlJ7RzMxx6skuEQElgM0XCZvYZ5Thtqsyvm0XWt7QjUBmzmZcvR6aP4e5pUrPzAt4LdHWg=="
    },
    "node_modules/@adraffy/punycode": {
      "version": "1.2.0",
      "resolved": "https://registry.npmjs.org/@adraffy/punycode/-/punycode-1.2.0.tgz",
      "integrity": "sha512-9NDtJIDRnT3Ct7damOyeG071MU/ZwCHe2q/2vbFeHMMAtFlfA99/GE0XbJtnRgXC5pHvJK4vd1YOiGpmXwwZmw=="
    }
  }
}
